
Microsoft Visual Studio Solution File, Format Version 12.00
# Visual Studio Version 17
VisualStudioVersion = 17.6.33815.320
MinimumVisualStudioVersion = 10.0.40219.1
Project("{FAE04EC0-301F-11D3-BF4B-00C04F79EFBC}") = "Contacto", "Contacto.csproj", "{7C5606BA-5876-491A-89BC-526C152F760A}"
EndProject
Global
	GlobalSection(SolutionConfigurationPlatforms) = preSolution
		Debug|Any CPU = Debug|Any CPU
		Release|Any CPU = Release|Any CPU
	EndGlobalSection
	GlobalSection(ProjectConfigurationPlatforms) = postSolution
		{7C5606BA-5876-491A-89BC-526C152F760A}.Debug|Any CPU.ActiveCfg = Debug|Any CPU
		{7C5606BA-5876-491A-89BC-526C152F760A}.Debug|Any CPU.Build.0 = Debug|Any CPU
		{7C5606BA-5876-491A-89BC-526C152F760A}.Release|Any CPU.ActiveCfg = Release|Any CPU
		{7C5606BA-5876-491A-89BC-526C152F760A}.Release|Any CPU.Build.0 = Release|Any CPU
	EndGlobalSection
	GlobalSection(SolutionProperties) = preSolution
		HideSolutionNode = FALSE
	EndGlobalSection
	GlobalSection(ExtensibilityGlobals) = postSolution
		SolutionGuid = {5E57C6F1-B896-4586-BB8D-323270D2D83C}
	EndGlobalSection
EndGlobal
